
Microsoft Visual Studio Solution File, Format Version 12.00
# Visual Studio Version 16
VisualStudioVersion = 16.0.29728.190
MinimumVisualStudioVersion = 10.0.40219.1
Project("{FAE04EC0-301F-11D3-BF4B-00C04F79EFBC}") = "OOPnet", "OOPnet\OOPnet.csproj", "{60C81D73-9C15-47E8-A385-FE7531A4F23A}"
EndProject
Global
	GlobalSection(SolutionConfigurationPlatforms) = preSolution
		Debug|Any CPU = Debug|Any CPU
		Release|Any CPU = Release|Any CPU
	EndGlobalSection
	GlobalSection(ProjectConfigurationPlatforms) = postSolution
		{60C81D73-9C15-47E8-A385-FE7531A4F23A}.Debug|Any CPU.ActiveCfg = Debug|Any CPU
		{60C81D73-9C15-47E8-A385-FE7531A4F23A}.Debug|Any CPU.Build.0 = Debug|Any CPU
		{60C81D73-9C15-47E8-A385-FE7531A4F23A}.Release|Any CPU.ActiveCfg = Release|Any CPU
		{60C81D73-9C15-47E8-A385-FE7531A4F23A}.Release|Any CPU.Build.0 = Release|Any CPU
	EndGlobalSection
	GlobalSection(SolutionProperties) = preSolution
		HideSolutionNode = FALSE
	EndGlobalSection
	GlobalSection(ExtensibilityGlobals) = postSolution
		SolutionGuid = {8F55184F-D322-4AA8-A6F1-E05143159912}
	EndGlobalSection
EndGlobal
